
Microsoft Visual Studio Solution File, Format Version 12.00
# Visual Studio Version 17
VisualStudioVersion = 17.13.35825.156 d17.13
MinimumVisualStudioVersion = 10.0.40219.1
Project("{FAE04EC0-301F-11D3-BF4B-00C04F79EFBC}") = "Asp.Mvc.Versioning", "Mvc.Versioning\Asp.Mvc.Versioning.csproj", "{189835A4-43B1-496B-9B38-7A9CDFD7CBD1}"
EndProject
Global
	GlobalSection(SolutionConfigurationPlatforms) = preSolution
		Debug|Any CPU = Debug|Any CPU
		Release|Any CPU = Release|Any CPU
	EndGlobalSection
	GlobalSection(ProjectConfigurationPlatforms) = postSolution
		{189835A4-43B1-496B-9B38-7A9CDFD7CBD1}.Debug|Any CPU.ActiveCfg = Debug|Any CPU
		{189835A4-43B1-496B-9B38-7A9CDFD7CBD1}.Debug|Any CPU.Build.0 = Debug|Any CPU
		{189835A4-43B1-496B-9B38-7A9CDFD7CBD1}.Release|Any CPU.ActiveCfg = Release|Any CPU
		{189835A4-43B1-496B-9B38-7A9CDFD7CBD1}.Release|Any CPU.Build.0 = Release|Any CPU
	EndGlobalSection
	GlobalSection(SolutionProperties) = preSolution
		HideSolutionNode = FALSE
	EndGlobalSection
	GlobalSection(ExtensibilityGlobals) = postSolution
		SolutionGuid = {B08B5344-3A41-4EE0-9627-535019DC852E}
	EndGlobalSection
EndGlobal
